// !$*UTF8*$!
{
	archiveVersion = 1;
	classes = {
	};
	objectVersion = 56;
	objects = {

/* Begin PBXBuildFile section */
		378AB5E6295CC83D0015A6FC /* AppDelegate.swift in Sources */ = {isa = PBXBuildFile; fileRef = 378AB5E5295CC83D0015A6FC /* AppDelegate.swift */; };
		378AB5E8295CC83D0015A6FC /* SceneDelegate.swift in Sources */ = {isa = PBXBuildFile; fileRef = 378AB5E7295CC83D0015A6FC /* SceneDelegate.swift */; };
		378AB5ED295CC83D0015A6FC /* Main.storyboard in Resources */ = {isa = PBXBuildFile; fileRef = 378AB5EB295CC83D0015A6FC /* Main.storyboard */; };
		378AB5EF295CC83F0015A6FC /* Assets.xcassets in Resources */ = {isa = PBXBuildFile; fileRef = 378AB5EE295CC83F0015A6FC /* Assets.xcassets */; };
		378AB5F2295CC83F0015A6FC /* LaunchScreen.storyboard in Resources */ = {isa = PBXBuildFile; fileRef = 378AB5F0295CC83F0015A6FC /* LaunchScreen.storyboard */; };
		378AB5FE295CCB8C0015A6FC /* OnboardingViewController.swift in Sources */ = {isa = PBXBuildFile; fileRef = 378AB5FD295CCB8C0015A6FC /* OnboardingViewController.swift */; };
		378AB601295CCEAD0015A6FC /* UiViewExtension.swift in Sources */ = {isa = PBXBuildFile; fileRef = 378AB600295CCEAD0015A6FC /* UiViewExtension.swift */; };
		378AB603295CD0140015A6FC /* OnboardingSlide.swift in Sources */ = {isa = PBXBuildFile; fileRef = 378AB602295CD0140015A6FC /* OnboardingSlide.swift */; };
		378AB605295CD39E0015A6FC /* OnboardingCollectionViewCell.swift in Sources */ = {isa = PBXBuildFile; fileRef = 378AB604295CD39E0015A6FC /* OnboardingCollectionViewCell.swift */; };
		37DC6C262961E38500806E7B /* HomeVC.swift in Sources */ = {isa = PBXBuildFile; fileRef = 37DC6C252961E38500806E7B /* HomeVC.swift */; };
		37DC6C2C2961F31000806E7B /* CategoryCollectionViewCell.swift in Sources */ = {isa = PBXBuildFile; fileRef = 37DC6C2A2961F31000806E7B /* CategoryCollectionViewCell.swift */; };
		37DC6C2D2961F31000806E7B /* CategoryCollectionViewCell.xib in Resources */ = {isa = PBXBuildFile; fileRef = 37DC6C2B2961F31000806E7B /* CategoryCollectionViewCell.xib */; };
		37DC6C2F2961F50C00806E7B /* DishCategory.swift in Sources */ = {isa = PBXBuildFile; fileRef = 37DC6C2E2961F50C00806E7B /* DishCategory.swift */; };
		37DC6C312961FCBF00806E7B /* StringExtension.swift in Sources */ = {isa = PBXBuildFile; fileRef = 37DC6C302961FCBF00806E7B /* StringExtension.swift */; };
		37DC6C342962053B00806E7B /* CardView.swift in Sources */ = {isa = PBXBuildFile; fileRef = 37DC6C332962053B00806E7B /* CardView.swift */; };
		37DC6C392963297400806E7B /* DishPortraitCollectionViewCell.swift in Sources */ = {isa = PBXBuildFile; fileRef = 37DC6C372963297400806E7B /* DishPortraitCollectionViewCell.swift */; };
		37DC6C3A2963297400806E7B /* DishPortraitCollectionViewCell.xib in Resources */ = {isa = PBXBuildFile; fileRef = 37DC6C382963297400806E7B /* DishPortraitCollectionViewCell.xib */; };
		37DC6C3C2963313900806E7B /* Dish.swift in Sources */ = {isa = PBXBuildFile; fileRef = 37DC6C3B2963313900806E7B /* Dish.swift */; };
		37DC6C412963468000806E7B /* DishLandscapeCollectionViewCell.swift in Sources */ = {isa = PBXBuildFile; fileRef = 37DC6C3F2963468000806E7B /* DishLandscapeCollectionViewCell.swift */; };
		37DC6C422963468000806E7B /* DishLandscapeCollectionViewCell.xib in Resources */ = {isa = PBXBuildFile; fileRef = 37DC6C402963468000806E7B /* DishLandscapeCollectionViewCell.xib */; };
		37DC6C452963803600806E7B /* DishDetailViewController.swift in Sources */ = {isa = PBXBuildFile; fileRef = 37DC6C442963803600806E7B /* DishDetailViewController.swift */; };
		CD53C1897836E2F6D2377B9E /* Pods_Yummie.framework in Frameworks */ = {isa = PBXBuildFile; fileRef = 669F7FAF05EEBD6E004F3AC0 /* Pods_Yummie.framework */; };
/* End PBXBuildFile section */

/* Begin PBXFileReference section */
		378AB5E2295CC83D0015A6FC /* Yummie.app */ = {isa = PBXFileReference; explicitFileType = wrapper.application; includeInIndex = 0; path = Yummie.app; sourceTree = BUILT_PRODUCTS_DIR; };
		378AB5E5295CC83D0015A6FC /* AppDelegate.swift */ = {isa = PBXFileReference; lastKnownFileType = sourcecode.swift; path = AppDelegate.swift; sourceTree = "<group>"; };
		378AB5E7295CC83D0015A6FC /* SceneDelegate.swift */ = {isa = PBXFileReference; lastKnownFileType = sourcecode.swift; path = SceneDelegate.swift; sourceTree = "<group>"; };
		378AB5EC295CC83D0015A6FC /* Base */ = {isa = PBXFileReference; lastKnownFileType = file.storyboard; name = Base; path = Base.lproj/Main.storyboard; sourceTree = "<group>"; };
		378AB5EE295CC83F0015A6FC /* Assets.xcassets */ = {isa = PBXFileReference; lastKnownFileType = folder.assetcatalog; path = Assets.xcassets; sourceTree = "<group>"; };
		378AB5F1295CC83F0015A6FC /* Base */ = {isa = PBXFileReference; lastKnownFileType = file.storyboard; name = Base; path = Base.lproj/LaunchScreen.storyboard; sourceTree = "<group>"; };
		378AB5F3295CC83F0015A6FC /* Info.plist */ = {isa = PBXFileReference; lastKnownFileType = text.plist.xml; path = Info.plist; sourceTree = "<group>"; };
		378AB5FD295CCB8C0015A6FC /* OnboardingViewController.swift */ = {isa = PBXFileReference; lastKnownFileType = sourcecode.swift; path = OnboardingViewController.swift; sourceTree = "<group>"; };
		378AB600295CCEAD0015A6FC /* UiViewExtension.swift */ = {isa = PBXFileReference; lastKnownFileType = sourcecode.swift; name = UiViewExtension.swift; path = ../../../../../Pictures/UiViewExtension.swift; sourceTree = "<group>"; };
		378AB602295CD0140015A6FC /* OnboardingSlide.swift */ = {isa = PBXFileReference; lastKnownFileType = sourcecode.swift; path = OnboardingSlide.swift; sourceTree = "<group>"; };
		378AB604295CD39E0015A6FC /* OnboardingCollectionViewCell.swift */ = {isa = PBXFileReference; lastKnownFileType = sourcecode.swift; path = OnboardingCollectionViewCell.swift; sourceTree = "<group>"; };
		37DC6C252961E38500806E7B /* HomeVC.swift */ = {isa = PBXFileReference; lastKnownFileType = sourcecode.swift; path = HomeVC.swift; sourceTree = "<group>"; };
		37DC6C2A2961F31000806E7B /* CategoryCollectionViewCell.swift */ = {isa = PBXFileReference; lastKnownFileType = sourcecode.swift; path = CategoryCollectionViewCell.swift; sourceTree = "<group>"; };
		37DC6C2B2961F31000806E7B /* CategoryCollectionViewCell.xib */ = {isa = PBXFileReference; lastKnownFileType = file.xib; path = CategoryCollectionViewCell.xib; sourceTree = "<group>"; };
		37DC6C2E2961F50C00806E7B /* DishCategory.swift */ = {isa = PBXFileReference; lastKnownFileType = sourcecode.swift; path = DishCategory.swift; sourceTree = "<group>"; };
		37DC6C302961FCBF00806E7B /* StringExtension.swift */ = {isa = PBXFileReference; lastKnownFileType = sourcecode.swift; path = StringExtension.swift; sourceTree = "<group>"; };
		37DC6C332962053B00806E7B /* CardView.swift */ = {isa = PBXFileReference; lastKnownFileType = sourcecode.swift; path = CardView.swift; sourceTree = "<group>"; };
		37DC6C372963297400806E7B /* DishPortraitCollectionViewCell.swift */ = {isa = PBXFileReference; lastKnownFileType = sourcecode.swift; path = DishPortraitCollectionViewCell.swift; sourceTree = "<group>"; };
		37DC6C382963297400806E7B /* DishPortraitCollectionViewCell.xib */ = {isa = PBXFileReference; lastKnownFileType = file.xib; path = DishPortraitCollectionViewCell.xib; sourceTree = "<group>"; };
		37DC6C3B2963313900806E7B /* Dish.swift */ = {isa = PBXFileReference; lastKnownFileType = sourcecode.swift; path = Dish.swift; sourceTree = "<group>"; };
		37DC6C3F2963468000806E7B /* DishLandscapeCollectionViewCell.swift */ = {isa = PBXFileReference; lastKnownFileType = sourcecode.swift; path = DishLandscapeCollectionViewCell.swift; sourceTree = "<group>"; };
		37DC6C402963468000806E7B /* DishLandscapeCollectionViewCell.xib */ = {isa = PBXFileReference; lastKnownFileType = file.xib; path = DishLandscapeCollectionViewCell.xib; sourceTree = "<group>"; };
		37DC6C442963803600806E7B /* DishDetailViewController.swift */ = {isa = PBXFileReference; lastKnownFileType = sourcecode.swift; path = DishDetailViewController.swift; sourceTree = "<group>"; };
		669F7FAF05EEBD6E004F3AC0 /* Pods_Yummie.framework */ = {isa = PBXFileReference; explicitFileType = wrapper.framework; includeInIndex = 0; path = Pods_Yummie.framework; sourceTree = BUILT_PRODUCTS_DIR; };
		68531FF8A356AAF4B70C50F0 /* Pods-Yummie.release.xcconfig */ = {isa = PBXFileReference; includeInIndex = 1; lastKnownFileType = text.xcconfig; name = "Pods-Yummie.release.xcconfig"; path = "Target Support Files/Pods-Yummie/Pods-Yummie.release.xcconfig"; sourceTree = "<group>"; };
		E239E68D7EAE4BD0091FBF0F /* Pods-Yummie.debug.xcconfig */ = {isa = PBXFileReference; includeInIndex = 1; lastKnownFileType = text.xcconfig; name = "Pods-Yummie.debug.xcconfig"; path = "Target Support Files/Pods-Yummie/Pods-Yummie.debug.xcconfig"; sourceTree = "<group>"; };
/* End PBXFileReference section */

/* Begin PBXFrameworksBuildPhase section */
		378AB5DF295CC83D0015A6FC /* Frameworks */ = {
			isa = PBXFrameworksBuildPhase;
			buildActionMask = 2147483647;
			files = (
				CD53C1897836E2F6D2377B9E /* Pods_Yummie.framework in Frameworks */,
			);
			runOnlyForDeploymentPostprocessing = 0;
		};
/* End PBXFrameworksBuildPhase section */

/* Begin PBXGroup section */
		378AB5D9295CC83D0015A6FC = {
			isa = PBXGroup;
			children = (
				378AB5E4295CC83D0015A6FC /* Yummie */,
				378AB5E3295CC83D0015A6FC /* Products */,
				CBAD39FB46F8D9F074C0C11B /* Pods */,
				A1ACB3CCE4A0ADBB428FFDB0 /* Frameworks */,
			);
			sourceTree = "<group>";
		};
		378AB5E3295CC83D0015A6FC /* Products */ = {
			isa = PBXGroup;
			children = (
				378AB5E2295CC83D0015A6FC /* Yummie.app */,
			);
			name = Products;
			sourceTree = "<group>";
		};
		378AB5E4295CC83D0015A6FC /* Yummie */ = {
			isa = PBXGroup;
			children = (
				378AB5FF295CCE890015A6FC /* Extension */,
				378AB5FB295CCB130015A6FC /* CustomViews */,
				378AB5FA295CCB090015A6FC /* Views */,
				378AB5F9295CCAF70015A6FC /* Models */,
				378AB5E5295CC83D0015A6FC /* AppDelegate.swift */,
				378AB5E7295CC83D0015A6FC /* SceneDelegate.swift */,
				378AB5EB295CC83D0015A6FC /* Main.storyboard */,
				378AB5EE295CC83F0015A6FC /* Assets.xcassets */,
				378AB5F0295CC83F0015A6FC /* LaunchScreen.storyboard */,
				378AB5F3295CC83F0015A6FC /* Info.plist */,
			);
			path = Yummie;
			sourceTree = "<group>";
		};
		378AB5F9295CCAF70015A6FC /* Models */ = {
			isa = PBXGroup;
			children = (
				378AB602295CD0140015A6FC /* OnboardingSlide.swift */,
				37DC6C2E2961F50C00806E7B /* DishCategory.swift */,
				37DC6C3B2963313900806E7B /* Dish.swift */,
			);
			path = Models;
			sourceTree = "<group>";
		};
		378AB5FA295CCB090015A6FC /* Views */ = {
			isa = PBXGroup;
			children = (
				37DC6C432963800700806E7B /* DishDetail */,
				378AB5FC295CCB2E0015A6FC /* Onboarding */,
				37DC6C272961E38A00806E7B /* Home */,
			);
			path = Views;
			sourceTree = "<group>";
		};
		378AB5FB295CCB130015A6FC /* CustomViews */ = {
			isa = PBXGroup;
			children = (
				37DC6C322962050000806E7B /* CardViews */,
				37DC6C282961F2D800806E7B /* CollectionsViewCells */,
			);
			path = CustomViews;
			sourceTree = "<group>";
		};
		378AB5FC295CCB2E0015A6FC /* Onboarding */ = {
			isa = PBXGroup;
			children = (
				378AB5FD295CCB8C0015A6FC /* OnboardingViewController.swift */,
				378AB604295CD39E0015A6FC /* OnboardingCollectionViewCell.swift */,
			);
			path = Onboarding;
			sourceTree = "<group>";
		};
		378AB5FF295CCE890015A6FC /* Extension */ = {
			isa = PBXGroup;
			children = (
				378AB600295CCEAD0015A6FC /* UiViewExtension.swift */,
				37DC6C302961FCBF00806E7B /* StringExtension.swift */,
			);
			path = Extension;
			sourceTree = "<group>";
		};
		37DC6C272961E38A00806E7B /* Home */ = {
			isa = PBXGroup;
			children = (
				37DC6C252961E38500806E7B /* HomeVC.swift */,
			);
			path = Home;
			sourceTree = "<group>";
		};
		37DC6C282961F2D800806E7B /* CollectionsViewCells */ = {
			isa = PBXGroup;
			children = (
				37DC6C3E2963465700806E7B /* DishLanscapeCollectionViewCell */,
				37DC6C362963294E00806E7B /* DishPortraitCollectionViewCell */,
				37DC6C292961F2EA00806E7B /* CategoryCollectionViewCell */,
			);
			path = CollectionsViewCells;
			sourceTree = "<group>";
		};
		37DC6C292961F2EA00806E7B /* CategoryCollectionViewCell */ = {
			isa = PBXGroup;
			children = (
				37DC6C2A2961F31000806E7B /* CategoryCollectionViewCell.swift */,
				37DC6C2B2961F31000806E7B /* CategoryCollectionViewCell.xib */,
			);
			path = CategoryCollectionViewCell;
			sourceTree = "<group>";
		};
		37DC6C322962050000806E7B /* CardViews */ = {
			isa = PBXGroup;
			children = (
				37DC6C332962053B00806E7B /* CardView.swift */,
			);
			path = CardViews;
			sourceTree = "<group>";
		};
		37DC6C362963294E00806E7B /* DishPortraitCollectionViewCell */ = {
			isa = PBXGroup;
			children = (
				37DC6C372963297400806E7B /* DishPortraitCollectionViewCell.swift */,
				37DC6C382963297400806E7B /* DishPortraitCollectionViewCell.xib */,
			);
			path = DishPortraitCollectionViewCell;
			sourceTree = "<group>";
		};
		37DC6C3E2963465700806E7B /* DishLanscapeCollectionViewCell */ = {
			isa = PBXGroup;
			children = (
				37DC6C3F2963468000806E7B /* DishLandscapeCollectionViewCell.swift */,
				37DC6C402963468000806E7B /* DishLandscapeCollectionViewCell.xib */,
			);
			path = DishLanscapeCollectionViewCell;
			sourceTree = "<group>";
		};
		37DC6C432963800700806E7B /* DishDetail */ = {
			isa = PBXGroup;
			children = (
				37DC6C442963803600806E7B /* DishDetailViewController.swift */,
			);
			path = DishDetail;
			sourceTree = "<group>";
		};
		A1ACB3CCE4A0ADBB428FFDB0 /* Frameworks */ = {
			isa = PBXGroup;
			children = (
				669F7FAF05EEBD6E004F3AC0 /* Pods_Yummie.framework */,
			);
			name = Frameworks;
			sourceTree = "<group>";
		};
		CBAD39FB46F8D9F074C0C11B /* Pods */ = {
			isa = PBXGroup;
			children = (
				E239E68D7EAE4BD0091FBF0F /* Pods-Yummie.debug.xcconfig */,
				68531FF8A356AAF4B70C50F0 /* Pods-Yummie.release.xcconfig */,
			);
			path = Pods;
			sourceTree = "<group>";
		};
/* End PBXGroup section */

/* Begin PBXNativeTarget section */
		378AB5E1295CC83D0015A6FC /* Yummie */ = {
			isa = PBXNativeTarget;
			buildConfigurationList = 378AB5F6295CC83F0015A6FC /* Build configuration list for PBXNativeTarget "Yummie" */;
			buildPhases = (
				F78AA0DC6B4E0194F5FEB8FB /* [CP] Check Pods Manifest.lock */,
				378AB5DE295CC83D0015A6FC /* Sources */,
				378AB5DF295CC83D0015A6FC /* Frameworks */,
				378AB5E0295CC83D0015A6FC /* Resources */,
				87BBA7AE0A61597413DDD732 /* [CP] Embed Pods Frameworks */,
			);
			buildRules = (
			);
			dependencies = (
			);
			name = Yummie;
			productName = Yummie;
			productReference = 378AB5E2295CC83D0015A6FC /* Yummie.app */;
			productType = "com.apple.product-type.application";
		};
/* End PBXNativeTarget section */

/* Begin PBXProject section */
		378AB5DA295CC83D0015A6FC /* Project object */ = {
			isa = PBXProject;
			attributes = {
				BuildIndependentTargetsInParallel = 1;
				LastSwiftUpdateCheck = 1410;
				LastUpgradeCheck = 1410;
				TargetAttributes = {
					378AB5E1295CC83D0015A6FC = {
						CreatedOnToolsVersion = 14.1;
					};
				};
			};
			buildConfigurationList = 378AB5DD295CC83D0015A6FC /* Build configuration list for PBXProject "Yummie" */;
			compatibilityVersion = "Xcode 14.0";
			developmentRegion = en;
			hasScannedForEncodings = 0;
			knownRegions = (
				en,
				Base,
			);
			mainGroup = 378AB5D9295CC83D0015A6FC;
			productRefGroup = 378AB5E3295CC83D0015A6FC /* Products */;
			projectDirPath = "";
			projectRoot = "";
			targets = (
				378AB5E1295CC83D0015A6FC /* Yummie */,
			);
		};
/* End PBXProject section */

/* Begin PBXResourcesBuildPhase section */
		378AB5E0295CC83D0015A6FC /* Resources */ = {
			isa = PBXResourcesBuildPhase;
			buildActionMask = 2147483647;
			files = (
				37DC6C2D2961F31000806E7B /* CategoryCollectionViewCell.xib in Resources */,
				378AB5F2295CC83F0015A6FC /* LaunchScreen.storyboard in Resources */,
				37DC6C3A2963297400806E7B /* DishPortraitCollectionViewCell.xib in Resources */,
				378AB5EF295CC83F0015A6FC /* Assets.xcassets in Resources */,
				37DC6C422963468000806E7B /* DishLandscapeCollectionViewCell.xib in Resources */,
				378AB5ED295CC83D0015A6FC /* Main.storyboard in Resources */,
			);
			runOnlyForDeploymentPostprocessing = 0;
		};
/* End PBXResourcesBuildPhase section */

/* Begin PBXShellScriptBuildPhase section */
		87BBA7AE0A61597413DDD732 /* [CP] Embed Pods Frameworks */ = {
			isa = PBXShellScriptBuildPhase;
			buildActionMask = 2147483647;
			files = (
			);
			inputFileListPaths = (
				"${PODS_ROOT}/Target Support Files/Pods-Yummie/Pods-Yummie-frameworks-${CONFIGURATION}-input-files.xcfilelist",
			);
			name = "[CP] Embed Pods Frameworks";
			outputFileListPaths = (
				"${PODS_ROOT}/Target Support Files/Pods-Yummie/Pods-Yummie-frameworks-${CONFIGURATION}-output-files.xcfilelist",
			);
			runOnlyForDeploymentPostprocessing = 0;
			shellPath = /bin/sh;
			shellScript = "\"${PODS_ROOT}/Target Support Files/Pods-Yummie/Pods-Yummie-frameworks.sh\"\n";
			showEnvVarsInLog = 0;
		};
		F78AA0DC6B4E0194F5FEB8FB /* [CP] Check Pods Manifest.lock */ = {
			isa = PBXShellScriptBuildPhase;
			buildActionMask = 2147483647;
			files = (
			);
			inputFileListPaths = (
			);
			inputPaths = (
				"${PODS_PODFILE_DIR_PATH}/Podfile.lock",
				"${PODS_ROOT}/Manifest.lock",
			);
			name = "[CP] Check Pods Manifest.lock";
			outputFileListPaths = (
			);
			outputPaths = (
				"$(DERIVED_FILE_DIR)/Pods-Yummie-checkManifestLockResult.txt",
			);
			runOnlyForDeploymentPostprocessing = 0;
			shellPath = /bin/sh;
			shellScript = "diff \"${PODS_PODFILE_DIR_PATH}/Podfile.lock\" \"${PODS_ROOT}/Manifest.lock\" > /dev/null\nif [ $? != 0 ] ; then\n    # print error to STDERR\n    echo \"error: The sandbox is not in sync with the Podfile.lock. Run 'pod install' or update your CocoaPods installation.\" >&2\n    exit 1\nfi\n# This output is used by Xcode 'outputs' to avoid re-running this script phase.\necho \"SUCCESS\" > \"${SCRIPT_OUTPUT_FILE_0}\"\n";
			showEnvVarsInLog = 0;
		};
/* End PBXShellScriptBuildPhase section */

/* Begin PBXSourcesBuildPhase section */
		378AB5DE295CC83D0015A6FC /* Sources */ = {
			isa = PBXSourcesBuildPhase;
			buildActionMask = 2147483647;
			files = (
				37DC6C2C2961F31000806E7B /* CategoryCollectionViewCell.swift in Sources */,
				378AB603295CD0140015A6FC /* OnboardingSlide.swift in Sources */,
				37DC6C312961FCBF00806E7B /* StringExtension.swift in Sources */,
				37DC6C262961E38500806E7B /* HomeVC.swift in Sources */,
				378AB5E6295CC83D0015A6FC /* AppDelegate.swift in Sources */,
				378AB5E8295CC83D0015A6FC /* SceneDelegate.swift in Sources */,
				37DC6C452963803600806E7B /* DishDetailViewController.swift in Sources */,
				378AB601295CCEAD0015A6FC /* UiViewExtension.swift in Sources */,
				378AB5FE295CCB8C0015A6FC /* OnboardingViewController.swift in Sources */,
				37DC6C412963468000806E7B /* DishLandscapeCollectionViewCell.swift in Sources */,
				37DC6C2F2961F50C00806E7B /* DishCategory.swift in Sources */,
				37DC6C342962053B00806E7B /* CardView.swift in Sources */,
				378AB605295CD39E0015A6FC /* OnboardingCollectionViewCell.swift in Sources */,
				37DC6C3C2963313900806E7B /* Dish.swift in Sources */,
				37DC6C392963297400806E7B /* DishPortraitCollectionViewCell.swift in Sources */,
			);
			runOnlyForDeploymentPostprocessing = 0;
		};
/* End PBXSourcesBuildPhase section */

/* Begin PBXVariantGroup section */
		378AB5EB295CC83D0015A6FC /* Main.storyboard */ = {
			isa = PBXVariantGroup;
			children = (
				378AB5EC295CC83D0015A6FC /* Base */,
			);
			name = Main.storyboard;
			sourceTree = "<group>";
		};
		378AB5F0295CC83F0015A6FC /* LaunchScreen.storyboard */ = {
			isa = PBXVariantGroup;
			children = (
				378AB5F1295CC83F0015A6FC /* Base */,
			);
			name = LaunchScreen.storyboard;
			sourceTree = "<group>";
		};
/* End PBXVariantGroup section */

/* Begin XCBuildConfiguration section */
		378AB5F4295CC83F0015A6FC /* Debug */ = {
			isa = XCBuildConfiguration;
			buildSettings = {
				ALWAYS_SEARCH_USER_PATHS = NO;
				CLANG_ANALYZER_NONNULL = YES;
				CLANG_ANALYZER_NUMBER_OBJECT_CONVERSION = YES_AGGRESSIVE;
				CLANG_CXX_LANGUAGE_STANDARD = "gnu++20";
				CLANG_ENABLE_MODULES = YES;
				CLANG_ENABLE_OBJC_ARC = YES;
				CLANG_ENABLE_OBJC_WEAK = YES;
				CLANG_WARN_BLOCK_CAPTURE_AUTORELEASING = YES;
				CLANG_WARN_BOOL_CONVERSION = YES;
				CLANG_WARN_COMMA = YES;
				CLANG_WARN_CONSTANT_CONVERSION = YES;
				CLANG_WARN_DEPRECATED_OBJC_IMPLEMENTATIONS = YES;
				CLANG_WARN_DIRECT_OBJC_ISA_USAGE = YES_ERROR;
				CLANG_WARN_DOCUMENTATION_COMMENTS = YES;
				CLANG_WARN_EMPTY_BODY = YES;
				CLANG_WARN_ENUM_CONVERSION = YES;
				CLANG_WARN_INFINITE_RECURSION = YES;
				CLANG_WARN_INT_CONVERSION = YES;
				CLANG_WARN_NON_LITERAL_NULL_CONVERSION = YES;
				CLANG_WARN_OBJC_IMPLICIT_RETAIN_SELF = YES;
				CLANG_WARN_OBJC_LITERAL_CONVERSION = YES;
				CLANG_WARN_OBJC_ROOT_CLASS = YES_ERROR;
				CLANG_WARN_QUOTED_INCLUDE_IN_FRAMEWORK_HEADER = YES;
				CLANG_WARN_RANGE_LOOP_ANALYSIS = YES;
				CLANG_WARN_STRICT_PROTOTYPES = YES;
				CLANG_WARN_SUSPICIOUS_MOVE = YES;
				CLANG_WARN_UNGUARDED_AVAILABILITY = YES_AGGRESSIVE;
				CLANG_WARN_UNREACHABLE_CODE = YES;
				CLANG_WARN__DUPLICATE_METHOD_MATCH = YES;
				COPY_PHASE_STRIP = NO;
				DEBUG_INFORMATION_FORMAT = dwarf;
				ENABLE_STRICT_OBJC_MSGSEND = YES;
				ENABLE_TESTABILITY = YES;
				GCC_C_LANGUAGE_STANDARD = gnu11;
				GCC_DYNAMIC_NO_PIC = NO;
				GCC_NO_COMMON_BLOCKS = YES;
				GCC_OPTIMIZATION_LEVEL = 0;
				GCC_PREPROCESSOR_DEFINITIONS = (
					"DEBUG=1",
					"$(inherited)",
				);
				GCC_WARN_64_TO_32_BIT_CONVERSION = YES;
				GCC_WARN_ABOUT_RETURN_TYPE = YES_ERROR;
				GCC_WARN_UNDECLARED_SELECTOR = YES;
				GCC_WARN_UNINITIALIZED_AUTOS = YES_AGGRESSIVE;
				GCC_WARN_UNUSED_FUNCTION = YES;
				GCC_WARN_UNUSED_VARIABLE = YES;
				IPHONEOS_DEPLOYMENT_TARGET = 16.1;
				MTL_ENABLE_DEBUG_INFO = INCLUDE_SOURCE;
				MTL_FAST_MATH = YES;
				ONLY_ACTIVE_ARCH = YES;
				SDKROOT = iphoneos;
				SWIFT_ACTIVE_COMPILATION_CONDITIONS = DEBUG;
				SWIFT_OPTIMIZATION_LEVEL = "-Onone";
			};
			name = Debug;
		};
		378AB5F5295CC83F0015A6FC /* Release */ = {
			isa = XCBuildConfiguration;
			buildSettings = {
				ALWAYS_SEARCH_USER_PATHS = NO;
				CLANG_ANALYZER_NONNULL = YES;
				CLANG_ANALYZER_NUMBER_OBJECT_CONVERSION = YES_AGGRESSIVE;
				CLANG_CXX_LANGUAGE_STANDARD = "gnu++20";
				CLANG_ENABLE_MODULES = YES;
				CLANG_ENABLE_OBJC_ARC = YES;
				CLANG_ENABLE_OBJC_WEAK = YES;
				CLANG_WARN_BLOCK_CAPTURE_AUTORELEASING = YES;
				CLANG_WARN_BOOL_CONVERSION = YES;
				CLANG_WARN_COMMA = YES;
				CLANG_WARN_CONSTANT_CONVERSION = YES;
				CLANG_WARN_DEPRECATED_OBJC_IMPLEMENTATIONS = YES;
				CLANG_WARN_DIRECT_OBJC_ISA_USAGE = YES_ERROR;
				CLANG_WARN_DOCUMENTATION_COMMENTS = YES;
				CLANG_WARN_EMPTY_BODY = YES;
				CLANG_WARN_ENUM_CONVERSION = YES;
				CLANG_WARN_INFINITE_RECURSION = YES;
				CLANG_WARN_INT_CONVERSION = YES;
				CLANG_WARN_NON_LITERAL_NULL_CONVERSION = YES;
				CLANG_WARN_OBJC_IMPLICIT_RETAIN_SELF = YES;
				CLANG_WARN_OBJC_LITERAL_CONVERSION = YES;
				CLANG_WARN_OBJC_ROOT_CLASS = YES_ERROR;
				CLANG_WARN_QUOTED_INCLUDE_IN_FRAMEWORK_HEADER = YES;
				CLANG_WARN_RANGE_LOOP_ANALYSIS = YES;
				CLANG_WARN_STRICT_PROTOTYPES = YES;
				CLANG_WARN_SUSPICIOUS_MOVE = YES;
				CLANG_WARN_UNGUARDED_AVAILABILITY = YES_AGGRESSIVE;
				CLANG_WARN_UNREACHABLE_CODE = YES;
				CLANG_WARN__DUPLICATE_METHOD_MATCH = YES;
				COPY_PHASE_STRIP = NO;
				DEBUG_INFORMATION_FORMAT = "dwarf-with-dsym";
				ENABLE_NS_ASSERTIONS = NO;
				ENABLE_STRICT_OBJC_MSGSEND = YES;
				GCC_C_LANGUAGE_STANDARD = gnu11;
				GCC_NO_COMMON_BLOCKS = YES;
				GCC_WARN_64_TO_32_BIT_CONVERSION = YES;
				GCC_WARN_ABOUT_RETURN_TYPE = YES_ERROR;
				GCC_WARN_UNDECLARED_SELECTOR = YES;
				GCC_WARN_UNINITIALIZED_AUTOS = YES_AGGRESSIVE;
				GCC_WARN_UNUSED_FUNCTION = YES;
				GCC_WARN_UNUSED_VARIABLE = YES;
				IPHONEOS_DEPLOYMENT_TARGET = 16.1;
				MTL_ENABLE_DEBUG_INFO = NO;
				MTL_FAST_MATH = YES;
				SDKROOT = iphoneos;
				SWIFT_COMPILATION_MODE = wholemodule;
				SWIFT_OPTIMIZATION_LEVEL = "-O";
				VALIDATE_PRODUCT = YES;
			};
			name = Release;
		};
		378AB5F7295CC83F0015A6FC /* Debug */ = {
			isa = XCBuildConfiguration;
			baseConfigurationReference = E239E68D7EAE4BD0091FBF0F /* Pods-Yummie.debug.xcconfig */;
			buildSettings = {
				ASSETCATALOG_COMPILER_APPICON_NAME = AppIcon;
				ASSETCATALOG_COMPILER_GLOBAL_ACCENT_COLOR_NAME = AccentColor;
				CODE_SIGN_STYLE = Automatic;
				CURRENT_PROJECT_VERSION = 1;
				DEVELOPMENT_TEAM = VNKCHQXD9T;
				GENERATE_INFOPLIST_FILE = YES;
				INFOPLIST_FILE = Yummie/Info.plist;
				INFOPLIST_KEY_UIApplicationSupportsIndirectInputEvents = YES;
				INFOPLIST_KEY_UILaunchStoryboardName = LaunchScreen;
				INFOPLIST_KEY_UIMainStoryboardFile = Main;
				INFOPLIST_KEY_UISupportedInterfaceOrientations_iPad = "UIInterfaceOrientationPortrait UIInterfaceOrientationPortraitUpsideDown UIInterfaceOrientationLandscapeLeft UIInterfaceOrientationLandscapeRight";
				INFOPLIST_KEY_UISupportedInterfaceOrientations_iPhone = "UIInterfaceOrientationPortrait UIInterfaceOrientationLandscapeLeft UIInterfaceOrientationLandscapeRight";
				LD_RUNPATH_SEARCH_PATHS = (
					"$(inherited)",
					"@executable_path/Frameworks",
				);
				MARKETING_VERSION = 1.0;
				PRODUCT_BUNDLE_IDENTIFIER = dsm5e.Yummie;
				PRODUCT_NAME = "$(TARGET_NAME)";
				SWIFT_EMIT_LOC_STRINGS = YES;
				SWIFT_VERSION = 5.0;
				TARGETED_DEVICE_FAMILY = "1,2";
			};
			name = Debug;
		};
		378AB5F8295CC83F0015A6FC /* Release */ = {
			isa = XCBuildConfiguration;
			baseConfigurationReference = 68531FF8A356AAF4B70C50F0 /* Pods-Yummie.release.xcconfig */;
			buildSettings = {
				ASSETCATALOG_COMPILER_APPICON_NAME = AppIcon;
				ASSETCATALOG_COMPILER_GLOBAL_ACCENT_COLOR_NAME = AccentColor;
				CODE_SIGN_STYLE = Automatic;
				CURRENT_PROJECT_VERSION = 1;
				DEVELOPMENT_TEAM = VNKCHQXD9T;
				GENERATE_INFOPLIST_FILE = YES;
				INFOPLIST_FILE = Yummie/Info.plist;
				INFOPLIST_KEY_UIApplicationSupportsIndirectInputEvents = YES;
				INFOPLIST_KEY_UILaunchStoryboardName = LaunchScreen;
				INFOPLIST_KEY_UIMainStoryboardFile = Main;
				INFOPLIST_KEY_UISupportedInterfaceOrientations_iPad = "UIInterfaceOrientationPortrait UIInterfaceOrientationPortraitUpsideDown UIInterfaceOrientationLandscapeLeft UIInterfaceOrientationLandscapeRight";
				INFOPLIST_KEY_UISupportedInterfaceOrientations_iPhone = "UIInterfaceOrientationPortrait UIInterfaceOrientationLandscapeLeft UIInterfaceOrientationLandscapeRight";
				LD_RUNPATH_SEARCH_PATHS = (
					"$(inherited)",
					"@executable_path/Frameworks",
				);
				MARKETING_VERSION = 1.0;
				PRODUCT_BUNDLE_IDENTIFIER = dsm5e.Yummie;
				PRODUCT_NAME = "$(TARGET_NAME)";
				SWIFT_EMIT_LOC_STRINGS = YES;
				SWIFT_VERSION = 5.0;
				TARGETED_DEVICE_FAMILY = "1,2";
			};
			name = Release;
		};
/* End XCBuildConfiguration section */

/* Begin XCConfigurationList section */
		378AB5DD295CC83D0015A6FC /* Build configuration list for PBXProject "Yummie" */ = {
			isa = XCConfigurationList;
			buildConfigurations = (
				378AB5F4295CC83F0015A6FC /* Debug */,
				378AB5F5295CC83F0015A6FC /* Release */,
			);
			defaultConfigurationIsVisible = 0;
			defaultConfigurationName = Release;
		};
		378AB5F6295CC83F0015A6FC /* Build configuration list for PBXNativeTarget "Yummie" */ = {
			isa = XCConfigurationList;
			buildConfigurations = (
				378AB5F7295CC83F0015A6FC /* Debug */,
				378AB5F8295CC83F0015A6FC /* Release */,
			);
			defaultConfigurationIsVisible = 0;
			defaultConfigurationName = Release;
		};
/* End XCConfigurationList section */
	};
	rootObject = 378AB5DA295CC83D0015A6FC /* Project object */;
}
